
Microsoft Visual Studio Solution File, Format Version 12.00
# Visual Studio 14
VisualStudioVersion = 14.0.25420.1
MinimumVisualStudioVersion = 10.0.40219.1
Project("{FAE04EC0-301F-11D3-BF4B-00C04F79EFBC}") = "UI.Smart.EF.PL", "UI.Smart.EF.PL\UI.Smart.EF.PL.csproj", "{3ECDABC1-B39F-4638-909A-6508DE291D7C}"
EndProject
Project("{FAE04EC0-301F-11D3-BF4B-00C04F79EFBC}") = "UI.Smart.EF.Model", "UI.Smart.EF.Model\UI.Smart.EF.Model.csproj", "{E54970C0-E11E-4409-A55F-A8C0DDB24D5A}"
EndProject
Project("{FAE04EC0-301F-11D3-BF4B-00C04F79EFBC}") = "UI.Smart.EF.Repository", "UI.Smart.EF.Repository\UI.Smart.EF.Repository.csproj", "{1C96B5BA-E8CF-47DF-B022-F3ABC6EEF25B}"
EndProject
Project("{FAE04EC0-301F-11D3-BF4B-00C04F79EFBC}") = "UI.Smart.EF.BLL", "UI.Smart.EF.BLL\UI.Smart.EF.BLL.csproj", "{D7AC9946-72A7-48B4-B869-4B045D924F39}"
EndProject
Global
	GlobalSection(SolutionConfigurationPlatforms) = preSolution
		Debug|Any CPU = Debug|Any CPU
		Release|Any CPU = Release|Any CPU
	EndGlobalSection
	GlobalSection(ProjectConfigurationPlatforms) = postSolution
		{3ECDABC1-B39F-4638-909A-6508DE291D7C}.Debug|Any CPU.ActiveCfg = Debug|Any CPU
		{3ECDABC1-B39F-4638-909A-6508DE291D7C}.Debug|Any CPU.Build.0 = Debug|Any CPU
		{3ECDABC1-B39F-4638-909A-6508DE291D7C}.Release|Any CPU.ActiveCfg = Release|Any CPU
		{3ECDABC1-B39F-4638-909A-6508DE291D7C}.Release|Any CPU.Build.0 = Release|Any CPU
		{E54970C0-E11E-4409-A55F-A8C0DDB24D5A}.Debug|Any CPU.ActiveCfg = Debug|Any CPU
		{E54970C0-E11E-4409-A55F-A8C0DDB24D5A}.Debug|Any CPU.Build.0 = Debug|Any CPU
		{E54970C0-E11E-4409-A55F-A8C0DDB24D5A}.Release|Any CPU.ActiveCfg = Release|Any CPU
		{E54970C0-E11E-4409-A55F-A8C0DDB24D5A}.Release|Any CPU.Build.0 = Release|Any CPU
		{1C96B5BA-E8CF-47DF-B022-F3ABC6EEF25B}.Debug|Any CPU.ActiveCfg = Debug|Any CPU
		{1C96B5BA-E8CF-47DF-B022-F3ABC6EEF25B}.Debug|Any CPU.Build.0 = Debug|Any CPU
		{1C96B5BA-E8CF-47DF-B022-F3ABC6EEF25B}.Release|Any CPU.ActiveCfg = Release|Any CPU
		{1C96B5BA-E8CF-47DF-B022-F3ABC6EEF25B}.Release|Any CPU.Build.0 = Release|Any CPU
		{D7AC9946-72A7-48B4-B869-4B045D924F39}.Debug|Any CPU.ActiveCfg = Debug|Any CPU
		{D7AC9946-72A7-48B4-B869-4B045D924F39}.Debug|Any CPU.Build.0 = Debug|Any CPU
		{D7AC9946-72A7-48B4-B869-4B045D924F39}.Release|Any CPU.ActiveCfg = Release|Any CPU
		{D7AC9946-72A7-48B4-B869-4B045D924F39}.Release|Any CPU.Build.0 = Release|Any CPU
	EndGlobalSection
	GlobalSection(SolutionProperties) = preSolution
		HideSolutionNode = FALSE
	EndGlobalSection
EndGlobal
